// !$*UTF8*$!
{
	archiveVersion = 1;
	classes = {
	};
	objectVersion = 56;
	objects = {

/* Begin PBXBuildFile section */
		680773492A837F4400BE413D /* CGFloat+Double.swift in Sources */ = {isa = PBXBuildFile; fileRef = 680773482A837F4400BE413D /* CGFloat+Double.swift */; };
		6807734D2A83830E00BE413D /* DebitCollectionViewCell.swift in Sources */ = {isa = PBXBuildFile; fileRef = 6807734C2A83830E00BE413D /* DebitCollectionViewCell.swift */; };
		680773502A8385CA00BE413D /* UIView.swift in Sources */ = {isa = PBXBuildFile; fileRef = 6807734F2A8385CA00BE413D /* UIView.swift */; };
		680773522A8386E500BE413D /* Secondaries.swift in Sources */ = {isa = PBXBuildFile; fileRef = 680773512A8386E500BE413D /* Secondaries.swift */; };
		680C58CF2A65B785002FCEBB /* Primaries.swift in Sources */ = {isa = PBXBuildFile; fileRef = 680C58CE2A65B785002FCEBB /* Primaries.swift */; };
		680C58D22A65BD98002FCEBB /* Texts.swift in Sources */ = {isa = PBXBuildFile; fileRef = 680C58D12A65BD98002FCEBB /* Texts.swift */; };
		680C58D52A65C59C002FCEBB /* TextField.swift in Sources */ = {isa = PBXBuildFile; fileRef = 680C58D42A65C59C002FCEBB /* TextField.swift */; };
		6813343C2A77A79E006C8B82 /* DebitsCollectionView.swift in Sources */ = {isa = PBXBuildFile; fileRef = 6813343B2A77A79E006C8B82 /* DebitsCollectionView.swift */; };
		6813343F2A77AF9B006C8B82 /* RequestError.swift in Sources */ = {isa = PBXBuildFile; fileRef = 6813343E2A77AF9B006C8B82 /* RequestError.swift */; };
		6813BA7A2A60E04B0091F9A9 /* LoginViewController.swift in Sources */ = {isa = PBXBuildFile; fileRef = 6813BA792A60E04B0091F9A9 /* LoginViewController.swift */; };
		6813BA7C2A60E0530091F9A9 /* LoginModel.swift in Sources */ = {isa = PBXBuildFile; fileRef = 6813BA7B2A60E0530091F9A9 /* LoginModel.swift */; };
		6813BA7E2A60E0630091F9A9 /* LoginConfigurator.swift in Sources */ = {isa = PBXBuildFile; fileRef = 6813BA7D2A60E0630091F9A9 /* LoginConfigurator.swift */; };
		6813BA802A60E0720091F9A9 /* Login+Protocols.swift in Sources */ = {isa = PBXBuildFile; fileRef = 6813BA7F2A60E0720091F9A9 /* Login+Protocols.swift */; };
		6813BA822A60E0820091F9A9 /* LoginInteractor.swift in Sources */ = {isa = PBXBuildFile; fileRef = 6813BA812A60E0820091F9A9 /* LoginInteractor.swift */; };
		6813BA842A60E08C0091F9A9 /* LoginPresenter.swift in Sources */ = {isa = PBXBuildFile; fileRef = 6813BA832A60E08C0091F9A9 /* LoginPresenter.swift */; };
		6813BA862A60E0950091F9A9 /* LoginRouter.swift in Sources */ = {isa = PBXBuildFile; fileRef = 6813BA852A60E0950091F9A9 /* LoginRouter.swift */; };
		6813BA882A60EE680091F9A9 /* LoginWoker.swift in Sources */ = {isa = PBXBuildFile; fileRef = 6813BA872A60EE680091F9A9 /* LoginWoker.swift */; };
		6813BA8B2A60F7800091F9A9 /* CodableView.swift in Sources */ = {isa = PBXBuildFile; fileRef = 6813BA8A2A60F7800091F9A9 /* CodableView.swift */; };
		6813BA8E2A60FA1C0091F9A9 /* LoginView.swift in Sources */ = {isa = PBXBuildFile; fileRef = 6813BA8D2A60FA1C0091F9A9 /* LoginView.swift */; };
		6813FC292A70CD5500BFD7FE /* Debits+Protocols.swift in Sources */ = {isa = PBXBuildFile; fileRef = 6813FC282A70CD5500BFD7FE /* Debits+Protocols.swift */; };
		6813FC2B2A70CD6700BFD7FE /* DebitsConfigurator.swift in Sources */ = {isa = PBXBuildFile; fileRef = 6813FC2A2A70CD6700BFD7FE /* DebitsConfigurator.swift */; };
		6813FC2D2A70CD7000BFD7FE /* DebitsModel.swift in Sources */ = {isa = PBXBuildFile; fileRef = 6813FC2C2A70CD7000BFD7FE /* DebitsModel.swift */; };
		6813FC2F2A70CD8200BFD7FE /* DebitsInteractor.swift in Sources */ = {isa = PBXBuildFile; fileRef = 6813FC2E2A70CD8200BFD7FE /* DebitsInteractor.swift */; };
		6813FC312A70CD8A00BFD7FE /* DebitsWorker.swift in Sources */ = {isa = PBXBuildFile; fileRef = 6813FC302A70CD8A00BFD7FE /* DebitsWorker.swift */; };
		6813FC332A70CD9200BFD7FE /* DebitsPresenter.swift in Sources */ = {isa = PBXBuildFile; fileRef = 6813FC322A70CD9200BFD7FE /* DebitsPresenter.swift */; };
		6813FC352A70CD9900BFD7FE /* DebitsRouter.swift in Sources */ = {isa = PBXBuildFile; fileRef = 6813FC342A70CD9900BFD7FE /* DebitsRouter.swift */; };
		6813FC372A70CDA400BFD7FE /* DebitsViewController.swift in Sources */ = {isa = PBXBuildFile; fileRef = 6813FC362A70CDA400BFD7FE /* DebitsViewController.swift */; };
		6813FC3A2A70CDAE00BFD7FE /* DebitsView.swift in Sources */ = {isa = PBXBuildFile; fileRef = 6813FC392A70CDAE00BFD7FE /* DebitsView.swift */; };
		6820B3562A68FB93008C3211 /* CommonWhiteButton.swift in Sources */ = {isa = PBXBuildFile; fileRef = 6820B3552A68FB93008C3211 /* CommonWhiteButton.swift */; };
		6824B50A2A69E57200D6A12D /* CommonTitleLabel.swift in Sources */ = {isa = PBXBuildFile; fileRef = 6824B5092A69E57200D6A12D /* CommonTitleLabel.swift */; };
		6826E4E22A67150F005A2BB8 /* Optional+String.swift in Sources */ = {isa = PBXBuildFile; fileRef = 6826E4E12A67150F005A2BB8 /* Optional+String.swift */; };
		6826E4E62A6715BA005A2BB8 /* SFImages.swift in Sources */ = {isa = PBXBuildFile; fileRef = 6826E4E52A6715BA005A2BB8 /* SFImages.swift */; };
		6826E4E92A6715E0005A2BB8 /* fonts.swift in Sources */ = {isa = PBXBuildFile; fileRef = 6826E4E82A6715E0005A2BB8 /* fonts.swift */; };
		6826E4EE2A672014005A2BB8 /* Textfields+Protocols.swift in Sources */ = {isa = PBXBuildFile; fileRef = 6826E4ED2A672014005A2BB8 /* Textfields+Protocols.swift */; };
		6826E4F12A675F52005A2BB8 /* NSLayoutConstraint.swift in Sources */ = {isa = PBXBuildFile; fileRef = 6826E4F02A675F52005A2BB8 /* NSLayoutConstraint.swift */; };
		68271A012A8377EC00032C8D /* DebitsDataSource.swift in Sources */ = {isa = PBXBuildFile; fileRef = 68271A002A8377EC00032C8D /* DebitsDataSource.swift */; };
		68271A032A83780600032C8D /* DebitsDelegate.swift in Sources */ = {isa = PBXBuildFile; fileRef = 68271A022A83780600032C8D /* DebitsDelegate.swift */; };
		68281EA02A7BB36500D9C5BF /* DebitModel.swift in Sources */ = {isa = PBXBuildFile; fileRef = 68281E9F2A7BB36500D9C5BF /* DebitModel.swift */; };
		68398D6A2A60C3E400C108A4 /* AppDelegate.swift in Sources */ = {isa = PBXBuildFile; fileRef = 68398D692A60C3E400C108A4 /* AppDelegate.swift */; };
		68398D6C2A60C3E400C108A4 /* SceneDelegate.swift in Sources */ = {isa = PBXBuildFile; fileRef = 68398D6B2A60C3E400C108A4 /* SceneDelegate.swift */; };
		68398D712A60C3E400C108A4 /* Main.storyboard in Resources */ = {isa = PBXBuildFile; fileRef = 68398D6F2A60C3E400C108A4 /* Main.storyboard */; };
		68398D732A60C3E500C108A4 /* Assets.xcassets in Resources */ = {isa = PBXBuildFile; fileRef = 68398D722A60C3E500C108A4 /* Assets.xcassets */; };
		68398D762A60C3E500C108A4 /* LaunchScreen.storyboard in Resources */ = {isa = PBXBuildFile; fileRef = 68398D742A60C3E500C108A4 /* LaunchScreen.storyboard */; };
		68398D8E2A60C65500C108A4 /* APIClient.swift in Sources */ = {isa = PBXBuildFile; fileRef = 68398D8D2A60C65500C108A4 /* APIClient.swift */; };
		68398D912A60C67200C108A4 /* APIClient+Protocols.swift in Sources */ = {isa = PBXBuildFile; fileRef = 68398D902A60C67200C108A4 /* APIClient+Protocols.swift */; };
		686AA98D2A84F163009CF21B /* UIColor+Hex.swift in Sources */ = {isa = PBXBuildFile; fileRef = 686AA98C2A84F163009CF21B /* UIColor+Hex.swift */; };
		686FF4792A70D9B600E660FC /* CommonViewController.swift in Sources */ = {isa = PBXBuildFile; fileRef = 686FF4782A70D9B600E660FC /* CommonViewController.swift */; };
		686FF47B2A73123C00E660FC /* AppRouter.swift in Sources */ = {isa = PBXBuildFile; fileRef = 686FF47A2A73123C00E660FC /* AppRouter.swift */; };
		686FF47E2A731D3900E660FC /* UIViewController+TabBar.swift in Sources */ = {isa = PBXBuildFile; fileRef = 686FF47D2A731D3900E660FC /* UIViewController+TabBar.swift */; };
		686FF4822A732DF600E660FC /* DebitsView+Animations.swift in Sources */ = {isa = PBXBuildFile; fileRef = 686FF4812A732DF600E660FC /* DebitsView+Animations.swift */; };
		686FF4852A733E9C00E660FC /* AppConfigurator.swift in Sources */ = {isa = PBXBuildFile; fileRef = 686FF4842A733E9C00E660FC /* AppConfigurator.swift */; };
		68A665AF2A705A970074D8A7 /* RegisterWoker.swift in Sources */ = {isa = PBXBuildFile; fileRef = 68A665AE2A705A970074D8A7 /* RegisterWoker.swift */; };
		68A665B12A705BBD0074D8A7 /* LoginView+Animations.swift in Sources */ = {isa = PBXBuildFile; fileRef = 68A665B02A705BBD0074D8A7 /* LoginView+Animations.swift */; };
		68B0FE7C2A70444600E2C7E9 /* Register+Protocols.swift in Sources */ = {isa = PBXBuildFile; fileRef = 68B0FE7B2A70444600E2C7E9 /* Register+Protocols.swift */; };
		68B0FE7E2A70445000E2C7E9 /* RegisterConfigurator.swift in Sources */ = {isa = PBXBuildFile; fileRef = 68B0FE7D2A70445000E2C7E9 /* RegisterConfigurator.swift */; };
		68B0FE802A70445600E2C7E9 /* RegisterModel.swift in Sources */ = {isa = PBXBuildFile; fileRef = 68B0FE7F2A70445600E2C7E9 /* RegisterModel.swift */; };
		68B0FE822A70445E00E2C7E9 /* RegisterInteractor.swift in Sources */ = {isa = PBXBuildFile; fileRef = 68B0FE812A70445E00E2C7E9 /* RegisterInteractor.swift */; };
		68B0FE842A70446600E2C7E9 /* RegisterPresenter.swift in Sources */ = {isa = PBXBuildFile; fileRef = 68B0FE832A70446600E2C7E9 /* RegisterPresenter.swift */; };
		68B0FE862A70446E00E2C7E9 /* RegisterRouter.swift in Sources */ = {isa = PBXBuildFile; fileRef = 68B0FE852A70446E00E2C7E9 /* RegisterRouter.swift */; };
		68B0FE882A70447A00E2C7E9 /* RegisterViewController.swift in Sources */ = {isa = PBXBuildFile; fileRef = 68B0FE872A70447A00E2C7E9 /* RegisterViewController.swift */; };
		68B0FE8B2A70455300E2C7E9 /* RegisterView.swift in Sources */ = {isa = PBXBuildFile; fileRef = 68B0FE8A2A70455300E2C7E9 /* RegisterView.swift */; };
		68BA18312A6BAE4A007C40EE /* CommonTextLabel.swift in Sources */ = {isa = PBXBuildFile; fileRef = 68BA18302A6BAE4A007C40EE /* CommonTextLabel.swift */; };
		68BA18352A6BBBE1007C40EE /* CommonTextButton.swift in Sources */ = {isa = PBXBuildFile; fileRef = 68BA18342A6BBBE1007C40EE /* CommonTextButton.swift */; };
		68BF4C502A6F251F00E94B3A /* UIStackView.swift in Sources */ = {isa = PBXBuildFile; fileRef = 68BF4C4F2A6F251F00E94B3A /* UIStackView.swift */; };
		68E25F3E2A77BD42006D3A93 /* Decoder.swift in Sources */ = {isa = PBXBuildFile; fileRef = 68E25F3D2A77BD42006D3A93 /* Decoder.swift */; };
/* End PBXBuildFile section */

/* Begin PBXFileReference section */
		680773482A837F4400BE413D /* CGFloat+Double.swift */ = {isa = PBXFileReference; lastKnownFileType = sourcecode.swift; path = "CGFloat+Double.swift"; sourceTree = "<group>"; };
		6807734C2A83830E00BE413D /* DebitCollectionViewCell.swift */ = {isa = PBXFileReference; lastKnownFileType = sourcecode.swift; path = DebitCollectionViewCell.swift; sourceTree = "<group>"; };
		6807734F2A8385CA00BE413D /* UIView.swift */ = {isa = PBXFileReference; lastKnownFileType = sourcecode.swift; path = UIView.swift; sourceTree = "<group>"; };
		680773512A8386E500BE413D /* Secondaries.swift */ = {isa = PBXFileReference; lastKnownFileType = sourcecode.swift; path = Secondaries.swift; sourceTree = "<group>"; };
		680C58CE2A65B785002FCEBB /* Primaries.swift */ = {isa = PBXFileReference; lastKnownFileType = sourcecode.swift; path = Primaries.swift; sourceTree = "<group>"; };
		680C58D12A65BD98002FCEBB /* Texts.swift */ = {isa = PBXFileReference; lastKnownFileType = sourcecode.swift; path = Texts.swift; sourceTree = "<group>"; };
		680C58D42A65C59C002FCEBB /* TextField.swift */ = {isa = PBXFileReference; lastKnownFileType = sourcecode.swift; path = TextField.swift; sourceTree = "<group>"; };
		6813343B2A77A79E006C8B82 /* DebitsCollectionView.swift */ = {isa = PBXFileReference; lastKnownFileType = sourcecode.swift; path = DebitsCollectionView.swift; sourceTree = "<group>"; };
		6813343E2A77AF9B006C8B82 /* RequestError.swift */ = {isa = PBXFileReference; lastKnownFileType = sourcecode.swift; path = RequestError.swift; sourceTree = "<group>"; };
		6813BA792A60E04B0091F9A9 /* LoginViewController.swift */ = {isa = PBXFileReference; lastKnownFileType = sourcecode.swift; path = LoginViewController.swift; sourceTree = "<group>"; };
		6813BA7B2A60E0530091F9A9 /* LoginModel.swift */ = {isa = PBXFileReference; lastKnownFileType = sourcecode.swift; path = LoginModel.swift; sourceTree = "<group>"; };
		6813BA7D2A60E0630091F9A9 /* LoginConfigurator.swift */ = {isa = PBXFileReference; lastKnownFileType = sourcecode.swift; path = LoginConfigurator.swift; sourceTree = "<group>"; };
		6813BA7F2A60E0720091F9A9 /* Login+Protocols.swift */ = {isa = PBXFileReference; lastKnownFileType = sourcecode.swift; path = "Login+Protocols.swift"; sourceTree = "<group>"; };
		6813BA812A60E0820091F9A9 /* LoginInteractor.swift */ = {isa = PBXFileReference; lastKnownFileType = sourcecode.swift; path = LoginInteractor.swift; sourceTree = "<group>"; };
		6813BA832A60E08C0091F9A9 /* LoginPresenter.swift */ = {isa = PBXFileReference; lastKnownFileType = sourcecode.swift; path = LoginPresenter.swift; sourceTree = "<group>"; };
		6813BA852A60E0950091F9A9 /* LoginRouter.swift */ = {isa = PBXFileReference; lastKnownFileType = sourcecode.swift; path = LoginRouter.swift; sourceTree = "<group>"; };
		6813BA872A60EE680091F9A9 /* LoginWoker.swift */ = {isa = PBXFileReference; lastKnownFileType = sourcecode.swift; path = LoginWoker.swift; sourceTree = "<group>"; };
		6813BA8A2A60F7800091F9A9 /* CodableView.swift */ = {isa = PBXFileReference; lastKnownFileType = sourcecode.swift; path = CodableView.swift; sourceTree = "<group>"; };
		6813BA8D2A60FA1C0091F9A9 /* LoginView.swift */ = {isa = PBXFileReference; lastKnownFileType = sourcecode.swift; path = LoginView.swift; sourceTree = "<group>"; };
		6813FC282A70CD5500BFD7FE /* Debits+Protocols.swift */ = {isa = PBXFileReference; lastKnownFileType = sourcecode.swift; path = "Debits+Protocols.swift"; sourceTree = "<group>"; };
		6813FC2A2A70CD6700BFD7FE /* DebitsConfigurator.swift */ = {isa = PBXFileReference; lastKnownFileType = sourcecode.swift; path = DebitsConfigurator.swift; sourceTree = "<group>"; };
		6813FC2C2A70CD7000BFD7FE /* DebitsModel.swift */ = {isa = PBXFileReference; lastKnownFileType = sourcecode.swift; path = DebitsModel.swift; sourceTree = "<group>"; };
		6813FC2E2A70CD8200BFD7FE /* DebitsInteractor.swift */ = {isa = PBXFileReference; lastKnownFileType = sourcecode.swift; path = DebitsInteractor.swift; sourceTree = "<group>"; };
		6813FC302A70CD8A00BFD7FE /* DebitsWorker.swift */ = {isa = PBXFileReference; lastKnownFileType = sourcecode.swift; path = DebitsWorker.swift; sourceTree = "<group>"; };
		6813FC322A70CD9200BFD7FE /* DebitsPresenter.swift */ = {isa = PBXFileReference; lastKnownFileType = sourcecode.swift; path = DebitsPresenter.swift; sourceTree = "<group>"; };
		6813FC342A70CD9900BFD7FE /* DebitsRouter.swift */ = {isa = PBXFileReference; lastKnownFileType = sourcecode.swift; path = DebitsRouter.swift; sourceTree = "<group>"; };
		6813FC362A70CDA400BFD7FE /* DebitsViewController.swift */ = {isa = PBXFileReference; lastKnownFileType = sourcecode.swift; path = DebitsViewController.swift; sourceTree = "<group>"; };
		6813FC392A70CDAE00BFD7FE /* DebitsView.swift */ = {isa = PBXFileReference; lastKnownFileType = sourcecode.swift; path = DebitsView.swift; sourceTree = "<group>"; };
		6820B3552A68FB93008C3211 /* CommonWhiteButton.swift */ = {isa = PBXFileReference; lastKnownFileType = sourcecode.swift; path = CommonWhiteButton.swift; sourceTree = "<group>"; };
		6824B5092A69E57200D6A12D /* CommonTitleLabel.swift */ = {isa = PBXFileReference; lastKnownFileType = sourcecode.swift; path = CommonTitleLabel.swift; sourceTree = "<group>"; };
		6826E4E12A67150F005A2BB8 /* Optional+String.swift */ = {isa = PBXFileReference; lastKnownFileType = sourcecode.swift; path = "Optional+String.swift"; sourceTree = "<group>"; };
		6826E4E52A6715BA005A2BB8 /* SFImages.swift */ = {isa = PBXFileReference; lastKnownFileType = sourcecode.swift; path = SFImages.swift; sourceTree = "<group>"; };
		6826E4E82A6715E0005A2BB8 /* fonts.swift */ = {isa = PBXFileReference; lastKnownFileType = sourcecode.swift; path = fonts.swift; sourceTree = "<group>"; };
		6826E4ED2A672014005A2BB8 /* Textfields+Protocols.swift */ = {isa = PBXFileReference; lastKnownFileType = sourcecode.swift; path = "Textfields+Protocols.swift"; sourceTree = "<group>"; };
		6826E4F02A675F52005A2BB8 /* NSLayoutConstraint.swift */ = {isa = PBXFileReference; lastKnownFileType = sourcecode.swift; path = NSLayoutConstraint.swift; sourceTree = "<group>"; };
		68271A002A8377EC00032C8D /* DebitsDataSource.swift */ = {isa = PBXFileReference; lastKnownFileType = sourcecode.swift; path = DebitsDataSource.swift; sourceTree = "<group>"; };
		68271A022A83780600032C8D /* DebitsDelegate.swift */ = {isa = PBXFileReference; lastKnownFileType = sourcecode.swift; path = DebitsDelegate.swift; sourceTree = "<group>"; };
		68281E9F2A7BB36500D9C5BF /* DebitModel.swift */ = {isa = PBXFileReference; lastKnownFileType = sourcecode.swift; path = DebitModel.swift; sourceTree = "<group>"; };
		68398D662A60C3E400C108A4 /* FinancialApp.app */ = {isa = PBXFileReference; explicitFileType = wrapper.application; includeInIndex = 0; path = FinancialApp.app; sourceTree = BUILT_PRODUCTS_DIR; };
		68398D692A60C3E400C108A4 /* AppDelegate.swift */ = {isa = PBXFileReference; lastKnownFileType = sourcecode.swift; path = AppDelegate.swift; sourceTree = "<group>"; };
		68398D6B2A60C3E400C108A4 /* SceneDelegate.swift */ = {isa = PBXFileReference; lastKnownFileType = sourcecode.swift; path = SceneDelegate.swift; sourceTree = "<group>"; };
		68398D702A60C3E400C108A4 /* Base */ = {isa = PBXFileReference; lastKnownFileType = file.storyboard; name = Base; path = Base.lproj/Main.storyboard; sourceTree = "<group>"; };
		68398D722A60C3E500C108A4 /* Assets.xcassets */ = {isa = PBXFileReference; lastKnownFileType = folder.assetcatalog; path = Assets.xcassets; sourceTree = "<group>"; };
		68398D752A60C3E500C108A4 /* Base */ = {isa = PBXFileReference; lastKnownFileType = file.storyboard; name = Base; path = Base.lproj/LaunchScreen.storyboard; sourceTree = "<group>"; };
		68398D772A60C3E500C108A4 /* Info.plist */ = {isa = PBXFileReference; lastKnownFileType = text.plist.xml; path = Info.plist; sourceTree = "<group>"; };
		68398D8D2A60C65500C108A4 /* APIClient.swift */ = {isa = PBXFileReference; lastKnownFileType = sourcecode.swift; path = APIClient.swift; sourceTree = "<group>"; };
		68398D902A60C67200C108A4 /* APIClient+Protocols.swift */ = {isa = PBXFileReference; lastKnownFileType = sourcecode.swift; path = "APIClient+Protocols.swift"; sourceTree = "<group>"; };
		686AA98C2A84F163009CF21B /* UIColor+Hex.swift */ = {isa = PBXFileReference; lastKnownFileType = sourcecode.swift; path = "UIColor+Hex.swift"; sourceTree = "<group>"; };
		686FF4782A70D9B600E660FC /* CommonViewController.swift */ = {isa = PBXFileReference; lastKnownFileType = sourcecode.swift; path = CommonViewController.swift; sourceTree = "<group>"; };
		686FF47A2A73123C00E660FC /* AppRouter.swift */ = {isa = PBXFileReference; lastKnownFileType = sourcecode.swift; path = AppRouter.swift; sourceTree = "<group>"; };
		686FF47D2A731D3900E660FC /* UIViewController+TabBar.swift */ = {isa = PBXFileReference; lastKnownFileType = sourcecode.swift; path = "UIViewController+TabBar.swift"; sourceTree = "<group>"; };
		686FF4812A732DF600E660FC /* DebitsView+Animations.swift */ = {isa = PBXFileReference; lastKnownFileType = sourcecode.swift; path = "DebitsView+Animations.swift"; sourceTree = "<group>"; };
		686FF4842A733E9C00E660FC /* AppConfigurator.swift */ = {isa = PBXFileReference; lastKnownFileType = sourcecode.swift; path = AppConfigurator.swift; sourceTree = "<group>"; };
		68A665AE2A705A970074D8A7 /* RegisterWoker.swift */ = {isa = PBXFileReference; lastKnownFileType = sourcecode.swift; path = RegisterWoker.swift; sourceTree = "<group>"; };
		68A665B02A705BBD0074D8A7 /* LoginView+Animations.swift */ = {isa = PBXFileReference; lastKnownFileType = sourcecode.swift; path = "LoginView+Animations.swift"; sourceTree = "<group>"; };
		68B0FE7B2A70444600E2C7E9 /* Register+Protocols.swift */ = {isa = PBXFileReference; lastKnownFileType = sourcecode.swift; path = "Register+Protocols.swift"; sourceTree = "<group>"; };
		68B0FE7D2A70445000E2C7E9 /* RegisterConfigurator.swift */ = {isa = PBXFileReference; lastKnownFileType = sourcecode.swift; path = RegisterConfigurator.swift; sourceTree = "<group>"; };
		68B0FE7F2A70445600E2C7E9 /* RegisterModel.swift */ = {isa = PBXFileReference; lastKnownFileType = sourcecode.swift; path = RegisterModel.swift; sourceTree = "<group>"; };
		68B0FE812A70445E00E2C7E9 /* RegisterInteractor.swift */ = {isa = PBXFileReference; lastKnownFileType = sourcecode.swift; path = RegisterInteractor.swift; sourceTree = "<group>"; };
		68B0FE832A70446600E2C7E9 /* RegisterPresenter.swift */ = {isa = PBXFileReference; lastKnownFileType = sourcecode.swift; path = RegisterPresenter.swift; sourceTree = "<group>"; };
		68B0FE852A70446E00E2C7E9 /* RegisterRouter.swift */ = {isa = PBXFileReference; lastKnownFileType = sourcecode.swift; path = RegisterRouter.swift; sourceTree = "<group>"; };
		68B0FE872A70447A00E2C7E9 /* RegisterViewController.swift */ = {isa = PBXFileReference; lastKnownFileType = sourcecode.swift; path = RegisterViewController.swift; sourceTree = "<group>"; };
		68B0FE8A2A70455300E2C7E9 /* RegisterView.swift */ = {isa = PBXFileReference; lastKnownFileType = sourcecode.swift; path = RegisterView.swift; sourceTree = "<group>"; };
		68BA18302A6BAE4A007C40EE /* CommonTextLabel.swift */ = {isa = PBXFileReference; lastKnownFileType = sourcecode.swift; path = CommonTextLabel.swift; sourceTree = "<group>"; };
		68BA18342A6BBBE1007C40EE /* CommonTextButton.swift */ = {isa = PBXFileReference; lastKnownFileType = sourcecode.swift; path = CommonTextButton.swift; sourceTree = "<group>"; };
		68BF4C4F2A6F251F00E94B3A /* UIStackView.swift */ = {isa = PBXFileReference; lastKnownFileType = sourcecode.swift; path = UIStackView.swift; sourceTree = "<group>"; };
		68E25F3D2A77BD42006D3A93 /* Decoder.swift */ = {isa = PBXFileReference; lastKnownFileType = sourcecode.swift; path = Decoder.swift; sourceTree = "<group>"; };
/* End PBXFileReference section */

/* Begin PBXFrameworksBuildPhase section */
		68398D632A60C3E400C108A4 /* Frameworks */ = {
			isa = PBXFrameworksBuildPhase;
			buildActionMask = 2147483647;
			files = (
			);
			runOnlyForDeploymentPostprocessing = 0;
		};
/* End PBXFrameworksBuildPhase section */

/* Begin PBXGroup section */
		680773472A837F2A00BE413D /* CGFloat */ = {
			isa = PBXGroup;
			children = (
				680773482A837F4400BE413D /* CGFloat+Double.swift */,
			);
			path = CGFloat;
			sourceTree = "<group>";
		};
		6807734A2A8382CA00BE413D /* View */ = {
			isa = PBXGroup;
			children = (
				6813343B2A77A79E006C8B82 /* DebitsCollectionView.swift */,
			);
			path = View;
			sourceTree = "<group>";
		};
		6807734B2A8382D100BE413D /* Cell */ = {
			isa = PBXGroup;
			children = (
				6807734C2A83830E00BE413D /* DebitCollectionViewCell.swift */,
			);
			path = Cell;
			sourceTree = "<group>";
		};
		6807734E2A8385BF00BE413D /* UIView */ = {
			isa = PBXGroup;
			children = (
				6807734F2A8385CA00BE413D /* UIView.swift */,
			);
			path = UIView;
			sourceTree = "<group>";
		};
		680C58CD2A65B770002FCEBB /* Colors */ = {
			isa = PBXGroup;
			children = (
				680C58CE2A65B785002FCEBB /* Primaries.swift */,
				680773512A8386E500BE413D /* Secondaries.swift */,
			);
			path = Colors;
			sourceTree = "<group>";
		};
		680C58D02A65BD3E002FCEBB /* Texts */ = {
			isa = PBXGroup;
			children = (
				680C58D12A65BD98002FCEBB /* Texts.swift */,
			);
			path = Texts;
			sourceTree = "<group>";
		};
		680C58D32A65C57F002FCEBB /* Components */ = {
			isa = PBXGroup;
			children = (
				686FF4772A70D9A200E660FC /* ViewController */,
				6824B5082A69E55800D6A12D /* Labels */,
				68BA18322A6BBB76007C40EE /* Buttons */,
				6826E4EA2A671FC5005A2BB8 /* Textfield */,
			);
			path = Components;
			sourceTree = "<group>";
		};
		681334392A77A776006C8B82 /* Animation */ = {
			isa = PBXGroup;
			children = (
				686FF4812A732DF600E660FC /* DebitsView+Animations.swift */,
			);
			path = Animation;
			sourceTree = "<group>";
		};
		6813343A2A77A77B006C8B82 /* Collection */ = {
			isa = PBXGroup;
			children = (
				6807734A2A8382CA00BE413D /* View */,
				682719FF2A8377D700032C8D /* Delegate */,
				682719FE2A8377D100032C8D /* DataSource */,
				6807734B2A8382D100BE413D /* Cell */,
			);
			path = Collection;
			sourceTree = "<group>";
		};
		6813343D2A77AF8A006C8B82 /* Error */ = {
			isa = PBXGroup;
			children = (
				6813343E2A77AF9B006C8B82 /* RequestError.swift */,
			);
			path = Error;
			sourceTree = "<group>";
		};
		6813BA892A60F7740091F9A9 /* Utils */ = {
			isa = PBXGroup;
			children = (
				6813BA8A2A60F7800091F9A9 /* CodableView.swift */,
			);
			path = Utils;
			sourceTree = "<group>";
		};
		6813BA8C2A60FA160091F9A9 /* View */ = {
			isa = PBXGroup;
			children = (
				6813BA8D2A60FA1C0091F9A9 /* LoginView.swift */,
				68A665B02A705BBD0074D8A7 /* LoginView+Animations.swift */,
			);
			path = View;
			sourceTree = "<group>";
		};
		6813FC382A70CDA700BFD7FE /* View */ = {
			isa = PBXGroup;
			children = (
				6813FC392A70CDAE00BFD7FE /* DebitsView.swift */,
				6813343A2A77A77B006C8B82 /* Collection */,
				681334392A77A776006C8B82 /* Animation */,
			);
			path = View;
			sourceTree = "<group>";
		};
		6824B5082A69E55800D6A12D /* Labels */ = {
			isa = PBXGroup;
			children = (
				6824B5092A69E57200D6A12D /* CommonTitleLabel.swift */,
				68BA18302A6BAE4A007C40EE /* CommonTextLabel.swift */,
			);
			path = Labels;
			sourceTree = "<group>";
		};
		6826E4E32A671513005A2BB8 /* Optionals */ = {
			isa = PBXGroup;
			children = (
				6826E4E12A67150F005A2BB8 /* Optional+String.swift */,
			);
			path = Optionals;
			sourceTree = "<group>";
		};
		6826E4E42A6715AE005A2BB8 /* Images */ = {
			isa = PBXGroup;
			children = (
				6826E4E52A6715BA005A2BB8 /* SFImages.swift */,
			);
			path = Images;
			sourceTree = "<group>";
		};
		6826E4E72A6715CD005A2BB8 /* Fonts */ = {
			isa = PBXGroup;
			children = (
				6826E4E82A6715E0005A2BB8 /* fonts.swift */,
			);
			path = Fonts;
			sourceTree = "<group>";
		};
		6826E4EA2A671FC5005A2BB8 /* Textfield */ = {
			isa = PBXGroup;
			children = (
				6826E4EC2A671FD2005A2BB8 /* Protocols */,
				6826E4EB2A671FCD005A2BB8 /* View */,
			);
			path = Textfield;
			sourceTree = "<group>";
		};
		6826E4EB2A671FCD005A2BB8 /* View */ = {
			isa = PBXGroup;
			children = (
				680C58D42A65C59C002FCEBB /* TextField.swift */,
			);
			path = View;
			sourceTree = "<group>";
		};
		6826E4EC2A671FD2005A2BB8 /* Protocols */ = {
			isa = PBXGroup;
			children = (
				6826E4ED2A672014005A2BB8 /* Textfields+Protocols.swift */,
			);
			path = Protocols;
			sourceTree = "<group>";
		};
		6826E4EF2A675F41005A2BB8 /* NSLConstraints */ = {
			isa = PBXGroup;
			children = (
				6826E4F02A675F52005A2BB8 /* NSLayoutConstraint.swift */,
			);
			path = NSLConstraints;
			sourceTree = "<group>";
		};
		682719FE2A8377D100032C8D /* DataSource */ = {
			isa = PBXGroup;
			children = (
				68271A002A8377EC00032C8D /* DebitsDataSource.swift */,
			);
			path = DataSource;
			sourceTree = "<group>";
		};
		682719FF2A8377D700032C8D /* Delegate */ = {
			isa = PBXGroup;
			children = (
				68271A022A83780600032C8D /* DebitsDelegate.swift */,
			);
			path = Delegate;
			sourceTree = "<group>";
		};
		68281E9E2A7BB35200D9C5BF /* Network */ = {
			isa = PBXGroup;
			children = (
				68281E9F2A7BB36500D9C5BF /* DebitModel.swift */,
			);
			path = Network;
			sourceTree = "<group>";
		};
		68398D5D2A60C3E400C108A4 = {
			isa = PBXGroup;
			children = (
				68398D682A60C3E400C108A4 /* FinancialApp */,
				68398D672A60C3E400C108A4 /* Products */,
			);
			sourceTree = "<group>";
		};
		68398D672A60C3E400C108A4 /* Products */ = {
			isa = PBXGroup;
			children = (
				68398D662A60C3E400C108A4 /* FinancialApp.app */,
			);
			name = Products;
			sourceTree = "<group>";
		};
		68398D682A60C3E400C108A4 /* FinancialApp */ = {
			isa = PBXGroup;
			children = (
				68398D8B2A60C63C00C108A4 /* Globlal */,
				68398D7F2A60C4D700C108A4 /* Domain */,
				68398D7D2A60C44600C108A4 /* Resources */,
			);
			path = FinancialApp;
			sourceTree = "<group>";
		};
		68398D7D2A60C44600C108A4 /* Resources */ = {
			isa = PBXGroup;
			children = (
				68398D6F2A60C3E400C108A4 /* Main.storyboard */,
				68398D722A60C3E500C108A4 /* Assets.xcassets */,
				68398D742A60C3E500C108A4 /* LaunchScreen.storyboard */,
				68398D772A60C3E500C108A4 /* Info.plist */,
			);
			name = Resources;
			sourceTree = "<group>";
		};
		68398D7F2A60C4D700C108A4 /* Domain */ = {
			isa = PBXGroup;
			children = (
				68398D892A60C59400C108A4 /* App */,
				68398D822A60C4EC00C108A4 /* Login */,
				68398D832A60C4F100C108A4 /* Register */,
				68398D802A60C4E100C108A4 /* Home */,
				68398D862A60C51E00C108A4 /* Debits */,
				68398D872A60C52800C108A4 /* Details */,
				68398D852A60C4FC00C108A4 /* MonthPayment */,
				68398D842A60C4F700C108A4 /* Search */,
				686FF4862A7375B100E660FC /* Account */,
			);
			path = Domain;
			sourceTree = "<group>";
		};
		68398D802A60C4E100C108A4 /* Home */ = {
			isa = PBXGroup;
			children = (
			);
			path = Home;
			sourceTree = "<group>";
		};
		68398D822A60C4EC00C108A4 /* Login */ = {
			isa = PBXGroup;
			children = (
				6813BA7F2A60E0720091F9A9 /* Login+Protocols.swift */,
				6813BA7D2A60E0630091F9A9 /* LoginConfigurator.swift */,
				6813BA7B2A60E0530091F9A9 /* LoginModel.swift */,
				6813BA812A60E0820091F9A9 /* LoginInteractor.swift */,
				6813BA872A60EE680091F9A9 /* LoginWoker.swift */,
				6813BA832A60E08C0091F9A9 /* LoginPresenter.swift */,
				6813BA852A60E0950091F9A9 /* LoginRouter.swift */,
				6813BA792A60E04B0091F9A9 /* LoginViewController.swift */,
				6813BA8C2A60FA160091F9A9 /* View */,
			);
			path = Login;
			sourceTree = "<group>";
		};
		68398D832A60C4F100C108A4 /* Register */ = {
			isa = PBXGroup;
			children = (
				68B0FE7B2A70444600E2C7E9 /* Register+Protocols.swift */,
				68B0FE7D2A70445000E2C7E9 /* RegisterConfigurator.swift */,
				68B0FE7F2A70445600E2C7E9 /* RegisterModel.swift */,
				68B0FE812A70445E00E2C7E9 /* RegisterInteractor.swift */,
				68A665AE2A705A970074D8A7 /* RegisterWoker.swift */,
				68B0FE832A70446600E2C7E9 /* RegisterPresenter.swift */,
				68B0FE852A70446E00E2C7E9 /* RegisterRouter.swift */,
				68B0FE872A70447A00E2C7E9 /* RegisterViewController.swift */,
				68B0FE892A70453F00E2C7E9 /* View */,
			);
			path = Register;
			sourceTree = "<group>";
		};
		68398D842A60C4F700C108A4 /* Search */ = {
			isa = PBXGroup;
			children = (
			);
			path = Search;
			sourceTree = "<group>";
		};
		68398D852A60C4FC00C108A4 /* MonthPayment */ = {
			isa = PBXGroup;
			children = (
			);
			path = MonthPayment;
			sourceTree = "<group>";
		};
		68398D862A60C51E00C108A4 /* Debits */ = {
			isa = PBXGroup;
			children = (
				6813FC282A70CD5500BFD7FE /* Debits+Protocols.swift */,
				6813FC2A2A70CD6700BFD7FE /* DebitsConfigurator.swift */,
				6813FC2C2A70CD7000BFD7FE /* DebitsModel.swift */,
				6813FC2E2A70CD8200BFD7FE /* DebitsInteractor.swift */,
				6813FC302A70CD8A00BFD7FE /* DebitsWorker.swift */,
				6813FC322A70CD9200BFD7FE /* DebitsPresenter.swift */,
				6813FC342A70CD9900BFD7FE /* DebitsRouter.swift */,
				6813FC362A70CDA400BFD7FE /* DebitsViewController.swift */,
				68281E9E2A7BB35200D9C5BF /* Network */,
				6813FC382A70CDA700BFD7FE /* View */,
			);
			path = Debits;
			sourceTree = "<group>";
		};
		68398D872A60C52800C108A4 /* Details */ = {
			isa = PBXGroup;
			children = (
			);
			path = Details;
			sourceTree = "<group>";
		};
		68398D892A60C59400C108A4 /* App */ = {
			isa = PBXGroup;
			children = (
				686FF4802A73249A00E660FC /* Router */,
				686FF47F2A73249200E660FC /* Delegates */,
			);
			path = App;
			sourceTree = "<group>";
		};
		68398D8B2A60C63C00C108A4 /* Globlal */ = {
			isa = PBXGroup;
			children = (
				6826E4E72A6715CD005A2BB8 /* Fonts */,
				680C58CD2A65B770002FCEBB /* Colors */,
				6826E4E42A6715AE005A2BB8 /* Images */,
				680C58D32A65C57F002FCEBB /* Components */,
				680C58D02A65BD3E002FCEBB /* Texts */,
				6813BA892A60F7740091F9A9 /* Utils */,
				68398D922A60C6B400C108A4 /* Extensions */,
				68398D8C2A60C64A00C108A4 /* Network */,
			);
			path = Globlal;
			sourceTree = "<group>";
		};
		68398D8C2A60C64A00C108A4 /* Network */ = {
			isa = PBXGroup;
			children = (
				68E25F3C2A77BD00006D3A93 /* Decoder */,
				6813343D2A77AF8A006C8B82 /* Error */,
				68398D8F2A60C66100C108A4 /* Protocols */,
				68398D8D2A60C65500C108A4 /* APIClient.swift */,
			);
			path = Network;
			sourceTree = "<group>";
		};
		68398D8F2A60C66100C108A4 /* Protocols */ = {
			isa = PBXGroup;
			children = (
				68398D902A60C67200C108A4 /* APIClient+Protocols.swift */,
			);
			path = Protocols;
			sourceTree = "<group>";
		};
		68398D922A60C6B400C108A4 /* Extensions */ = {
			isa = PBXGroup;
			children = (
				686AA98B2A84F154009CF21B /* UIColor */,
				6807734E2A8385BF00BE413D /* UIView */,
				680773472A837F2A00BE413D /* CGFloat */,
				686FF47C2A731D2A00E660FC /* UIViewController */,
				68BF4C4E2A6F251500E94B3A /* UIStackView */,
				6826E4EF2A675F41005A2BB8 /* NSLConstraints */,
				6826E4E32A671513005A2BB8 /* Optionals */,
			);
			path = Extensions;
			sourceTree = "<group>";
		};
		686AA98B2A84F154009CF21B /* UIColor */ = {
			isa = PBXGroup;
			children = (
				686AA98C2A84F163009CF21B /* UIColor+Hex.swift */,
			);
			path = UIColor;
			sourceTree = "<group>";
		};
		686FF4772A70D9A200E660FC /* ViewController */ = {
			isa = PBXGroup;
			children = (
				686FF4782A70D9B600E660FC /* CommonViewController.swift */,
			);
			path = ViewController;
			sourceTree = "<group>";
		};
		686FF47C2A731D2A00E660FC /* UIViewController */ = {
			isa = PBXGroup;
			children = (
				686FF47D2A731D3900E660FC /* UIViewController+TabBar.swift */,
			);
			path = UIViewController;
			sourceTree = "<group>";
		};
		686FF47F2A73249200E660FC /* Delegates */ = {
			isa = PBXGroup;
			children = (
				68398D692A60C3E400C108A4 /* AppDelegate.swift */,
				68398D6B2A60C3E400C108A4 /* SceneDelegate.swift */,
			);
			path = Delegates;
			sourceTree = "<group>";
		};
		686FF4802A73249A00E660FC /* Router */ = {
			isa = PBXGroup;
			children = (
				686FF47A2A73123C00E660FC /* AppRouter.swift */,
				686FF4842A733E9C00E660FC /* AppConfigurator.swift */,
			);
			path = Router;
			sourceTree = "<group>";
		};
		686FF4862A7375B100E660FC /* Account */ = {
			isa = PBXGroup;
			children = (
			);
			path = Account;
			sourceTree = "<group>";
		};
		68B0FE892A70453F00E2C7E9 /* View */ = {
			isa = PBXGroup;
			children = (
				68B0FE8A2A70455300E2C7E9 /* RegisterView.swift */,
			);
			path = View;
			sourceTree = "<group>";
		};
		68BA18322A6BBB76007C40EE /* Buttons */ = {
			isa = PBXGroup;
			children = (
				6820B3552A68FB93008C3211 /* CommonWhiteButton.swift */,
				68BA18342A6BBBE1007C40EE /* CommonTextButton.swift */,
			);
			path = Buttons;
			sourceTree = "<group>";
		};
		68BF4C4E2A6F251500E94B3A /* UIStackView */ = {
			isa = PBXGroup;
			children = (
				68BF4C4F2A6F251F00E94B3A /* UIStackView.swift */,
			);
			path = UIStackView;
			sourceTree = "<group>";
		};
		68E25F3C2A77BD00006D3A93 /* Decoder */ = {
			isa = PBXGroup;
			children = (
				68E25F3D2A77BD42006D3A93 /* Decoder.swift */,
			);
			path = Decoder;
			sourceTree = "<group>";
		};
/* End PBXGroup section */

/* Begin PBXNativeTarget section */
		68398D652A60C3E400C108A4 /* FinancialApp */ = {
			isa = PBXNativeTarget;
			buildConfigurationList = 68398D7A2A60C3E500C108A4 /* Build configuration list for PBXNativeTarget "FinancialApp" */;
			buildPhases = (
				68398D622A60C3E400C108A4 /* Sources */,
				68398D632A60C3E400C108A4 /* Frameworks */,
				68398D642A60C3E400C108A4 /* Resources */,
			);
			buildRules = (
			);
			dependencies = (
			);
			name = FinancialApp;
			productName = FinancialApp;
			productReference = 68398D662A60C3E400C108A4 /* FinancialApp.app */;
			productType = "com.apple.product-type.application";
		};
/* End PBXNativeTarget section */

/* Begin PBXProject section */
		68398D5E2A60C3E400C108A4 /* Project object */ = {
			isa = PBXProject;
			attributes = {
				BuildIndependentTargetsInParallel = 1;
				LastSwiftUpdateCheck = 1430;
				LastUpgradeCheck = 1430;
				TargetAttributes = {
					68398D652A60C3E400C108A4 = {
						CreatedOnToolsVersion = 14.3.1;
					};
				};
			};
			buildConfigurationList = 68398D612A60C3E400C108A4 /* Build configuration list for PBXProject "FinancialApp" */;
			compatibilityVersion = "Xcode 14.0";
			developmentRegion = en;
			hasScannedForEncodings = 0;
			knownRegions = (
				en,
				Base,
			);
			mainGroup = 68398D5D2A60C3E400C108A4;
			productRefGroup = 68398D672A60C3E400C108A4 /* Products */;
			projectDirPath = "";
			projectRoot = "";
			targets = (
				68398D652A60C3E400C108A4 /* FinancialApp */,
			);
		};
/* End PBXProject section */

/* Begin PBXResourcesBuildPhase section */
		68398D642A60C3E400C108A4 /* Resources */ = {
			isa = PBXResourcesBuildPhase;
			buildActionMask = 2147483647;
			files = (
				68398D762A60C3E500C108A4 /* LaunchScreen.storyboard in Resources */,
				68398D732A60C3E500C108A4 /* Assets.xcassets in Resources */,
				68398D712A60C3E400C108A4 /* Main.storyboard in Resources */,
			);
			runOnlyForDeploymentPostprocessing = 0;
		};
/* End PBXResourcesBuildPhase section */

/* Begin PBXSourcesBuildPhase section */
		68398D622A60C3E400C108A4 /* Sources */ = {
			isa = PBXSourcesBuildPhase;
			buildActionMask = 2147483647;
			files = (
				6826E4E92A6715E0005A2BB8 /* fonts.swift in Sources */,
				680C58CF2A65B785002FCEBB /* Primaries.swift in Sources */,
				6813BA882A60EE680091F9A9 /* LoginWoker.swift in Sources */,
				6813BA7E2A60E0630091F9A9 /* LoginConfigurator.swift in Sources */,
				68B0FE822A70445E00E2C7E9 /* RegisterInteractor.swift in Sources */,
				6824B50A2A69E57200D6A12D /* CommonTitleLabel.swift in Sources */,
				6820B3562A68FB93008C3211 /* CommonWhiteButton.swift in Sources */,
				6807734D2A83830E00BE413D /* DebitCollectionViewCell.swift in Sources */,
				6813343C2A77A79E006C8B82 /* DebitsCollectionView.swift in Sources */,
				6813BA802A60E0720091F9A9 /* Login+Protocols.swift in Sources */,
				686FF4792A70D9B600E660FC /* CommonViewController.swift in Sources */,
				6813BA8B2A60F7800091F9A9 /* CodableView.swift in Sources */,
				68398D6A2A60C3E400C108A4 /* AppDelegate.swift in Sources */,
				686FF4852A733E9C00E660FC /* AppConfigurator.swift in Sources */,
				680773492A837F4400BE413D /* CGFloat+Double.swift in Sources */,
				6813FC2F2A70CD8200BFD7FE /* DebitsInteractor.swift in Sources */,
				680C58D52A65C59C002FCEBB /* TextField.swift in Sources */,
				68271A012A8377EC00032C8D /* DebitsDataSource.swift in Sources */,
				68BF4C502A6F251F00E94B3A /* UIStackView.swift in Sources */,
				6813BA7C2A60E0530091F9A9 /* LoginModel.swift in Sources */,
				6813FC2B2A70CD6700BFD7FE /* DebitsConfigurator.swift in Sources */,
				68A665B12A705BBD0074D8A7 /* LoginView+Animations.swift in Sources */,
				6813343F2A77AF9B006C8B82 /* RequestError.swift in Sources */,
				68B0FE882A70447A00E2C7E9 /* RegisterViewController.swift in Sources */,
				6813FC352A70CD9900BFD7FE /* DebitsRouter.swift in Sources */,
				6813BA842A60E08C0091F9A9 /* LoginPresenter.swift in Sources */,
				68398D912A60C67200C108A4 /* APIClient+Protocols.swift in Sources */,
				68B0FE842A70446600E2C7E9 /* RegisterPresenter.swift in Sources */,
				6813BA8E2A60FA1C0091F9A9 /* LoginView.swift in Sources */,
				6826E4E22A67150F005A2BB8 /* Optional+String.swift in Sources */,
				68B0FE7C2A70444600E2C7E9 /* Register+Protocols.swift in Sources */,
				68398D8E2A60C65500C108A4 /* APIClient.swift in Sources */,
				6813BA7A2A60E04B0091F9A9 /* LoginViewController.swift in Sources */,
				6813FC2D2A70CD7000BFD7FE /* DebitsModel.swift in Sources */,
				68BA18352A6BBBE1007C40EE /* CommonTextButton.swift in Sources */,
				68271A032A83780600032C8D /* DebitsDelegate.swift in Sources */,
				6813FC292A70CD5500BFD7FE /* Debits+Protocols.swift in Sources */,
				6813FC312A70CD8A00BFD7FE /* DebitsWorker.swift in Sources */,
				68A665AF2A705A970074D8A7 /* RegisterWoker.swift in Sources */,
				6813FC3A2A70CDAE00BFD7FE /* DebitsView.swift in Sources */,
				680773502A8385CA00BE413D /* UIView.swift in Sources */,
				6826E4EE2A672014005A2BB8 /* Textfields+Protocols.swift in Sources */,
				686FF47E2A731D3900E660FC /* UIViewController+TabBar.swift in Sources */,
				686AA98D2A84F163009CF21B /* UIColor+Hex.swift in Sources */,
				680C58D22A65BD98002FCEBB /* Texts.swift in Sources */,
				6813FC332A70CD9200BFD7FE /* DebitsPresenter.swift in Sources */,
				6813BA862A60E0950091F9A9 /* LoginRouter.swift in Sources */,
				686FF4822A732DF600E660FC /* DebitsView+Animations.swift in Sources */,
				68281EA02A7BB36500D9C5BF /* DebitModel.swift in Sources */,
				68BA18312A6BAE4A007C40EE /* CommonTextLabel.swift in Sources */,
				68B0FE862A70446E00E2C7E9 /* RegisterRouter.swift in Sources */,
				680773522A8386E500BE413D /* Secondaries.swift in Sources */,
				68E25F3E2A77BD42006D3A93 /* Decoder.swift in Sources */,
				68398D6C2A60C3E400C108A4 /* SceneDelegate.swift in Sources */,
				6826E4E62A6715BA005A2BB8 /* SFImages.swift in Sources */,
				68B0FE802A70445600E2C7E9 /* RegisterModel.swift in Sources */,
				68B0FE8B2A70455300E2C7E9 /* RegisterView.swift in Sources */,
				6813BA822A60E0820091F9A9 /* LoginInteractor.swift in Sources */,
				686FF47B2A73123C00E660FC /* AppRouter.swift in Sources */,
				6813FC372A70CDA400BFD7FE /* DebitsViewController.swift in Sources */,
				6826E4F12A675F52005A2BB8 /* NSLayoutConstraint.swift in Sources */,
				68B0FE7E2A70445000E2C7E9 /* RegisterConfigurator.swift in Sources */,
			);
			runOnlyForDeploymentPostprocessing = 0;
		};
/* End PBXSourcesBuildPhase section */

/* Begin PBXVariantGroup section */
		68398D6F2A60C3E400C108A4 /* Main.storyboard */ = {
			isa = PBXVariantGroup;
			children = (
				68398D702A60C3E400C108A4 /* Base */,
			);
			name = Main.storyboard;
			sourceTree = "<group>";
		};
		68398D742A60C3E500C108A4 /* LaunchScreen.storyboard */ = {
			isa = PBXVariantGroup;
			children = (
				68398D752A60C3E500C108A4 /* Base */,
			);
			name = LaunchScreen.storyboard;
			sourceTree = "<group>";
		};
/* End PBXVariantGroup section */

/* Begin XCBuildConfiguration section */
		68398D782A60C3E500C108A4 /* Debug */ = {
			isa = XCBuildConfiguration;
			buildSettings = {
				ALWAYS_SEARCH_USER_PATHS = NO;
				CLANG_ANALYZER_NONNULL = YES;
				CLANG_ANALYZER_NUMBER_OBJECT_CONVERSION = YES_AGGRESSIVE;
				CLANG_CXX_LANGUAGE_STANDARD = "gnu++20";
				CLANG_ENABLE_MODULES = YES;
				CLANG_ENABLE_OBJC_ARC = YES;
				CLANG_ENABLE_OBJC_WEAK = YES;
				CLANG_WARN_BLOCK_CAPTURE_AUTORELEASING = YES;
				CLANG_WARN_BOOL_CONVERSION = YES;
				CLANG_WARN_COMMA = YES;
				CLANG_WARN_CONSTANT_CONVERSION = YES;
				CLANG_WARN_DEPRECATED_OBJC_IMPLEMENTATIONS = YES;
				CLANG_WARN_DIRECT_OBJC_ISA_USAGE = YES_ERROR;
				CLANG_WARN_DOCUMENTATION_COMMENTS = YES;
				CLANG_WARN_EMPTY_BODY = YES;
				CLANG_WARN_ENUM_CONVERSION = YES;
				CLANG_WARN_INFINITE_RECURSION = YES;
				CLANG_WARN_INT_CONVERSION = YES;
				CLANG_WARN_NON_LITERAL_NULL_CONVERSION = YES;
				CLANG_WARN_OBJC_IMPLICIT_RETAIN_SELF = YES;
				CLANG_WARN_OBJC_LITERAL_CONVERSION = YES;
				CLANG_WARN_OBJC_ROOT_CLASS = YES_ERROR;
				CLANG_WARN_QUOTED_INCLUDE_IN_FRAMEWORK_HEADER = YES;
				CLANG_WARN_RANGE_LOOP_ANALYSIS = YES;
				CLANG_WARN_STRICT_PROTOTYPES = YES;
				CLANG_WARN_SUSPICIOUS_MOVE = YES;
				CLANG_WARN_UNGUARDED_AVAILABILITY = YES_AGGRESSIVE;
				CLANG_WARN_UNREACHABLE_CODE = YES;
				CLANG_WARN__DUPLICATE_METHOD_MATCH = YES;
				COPY_PHASE_STRIP = NO;
				DEBUG_INFORMATION_FORMAT = dwarf;
				ENABLE_STRICT_OBJC_MSGSEND = YES;
				ENABLE_TESTABILITY = YES;
				GCC_C_LANGUAGE_STANDARD = gnu11;
				GCC_DYNAMIC_NO_PIC = NO;
				GCC_NO_COMMON_BLOCKS = YES;
				GCC_OPTIMIZATION_LEVEL = 0;
				GCC_PREPROCESSOR_DEFINITIONS = (
					"DEBUG=1",
					"$(inherited)",
				);
				GCC_WARN_64_TO_32_BIT_CONVERSION = YES;
				GCC_WARN_ABOUT_RETURN_TYPE = YES_ERROR;
				GCC_WARN_UNDECLARED_SELECTOR = YES;
				GCC_WARN_UNINITIALIZED_AUTOS = YES_AGGRESSIVE;
				GCC_WARN_UNUSED_FUNCTION = YES;
				GCC_WARN_UNUSED_VARIABLE = YES;
				IPHONEOS_DEPLOYMENT_TARGET = 16.4;
				MTL_ENABLE_DEBUG_INFO = INCLUDE_SOURCE;
				MTL_FAST_MATH = YES;
				ONLY_ACTIVE_ARCH = YES;
				SDKROOT = iphoneos;
				SWIFT_ACTIVE_COMPILATION_CONDITIONS = DEBUG;
				SWIFT_OPTIMIZATION_LEVEL = "-Onone";
			};
			name = Debug;
		};
		68398D792A60C3E500C108A4 /* Release */ = {
			isa = XCBuildConfiguration;
			buildSettings = {
				ALWAYS_SEARCH_USER_PATHS = NO;
				CLANG_ANALYZER_NONNULL = YES;
				CLANG_ANALYZER_NUMBER_OBJECT_CONVERSION = YES_AGGRESSIVE;
				CLANG_CXX_LANGUAGE_STANDARD = "gnu++20";
				CLANG_ENABLE_MODULES = YES;
				CLANG_ENABLE_OBJC_ARC = YES;
				CLANG_ENABLE_OBJC_WEAK = YES;
				CLANG_WARN_BLOCK_CAPTURE_AUTORELEASING = YES;
				CLANG_WARN_BOOL_CONVERSION = YES;
				CLANG_WARN_COMMA = YES;
				CLANG_WARN_CONSTANT_CONVERSION = YES;
				CLANG_WARN_DEPRECATED_OBJC_IMPLEMENTATIONS = YES;
				CLANG_WARN_DIRECT_OBJC_ISA_USAGE = YES_ERROR;
				CLANG_WARN_DOCUMENTATION_COMMENTS = YES;
				CLANG_WARN_EMPTY_BODY = YES;
				CLANG_WARN_ENUM_CONVERSION = YES;
				CLANG_WARN_INFINITE_RECURSION = YES;
				CLANG_WARN_INT_CONVERSION = YES;
				CLANG_WARN_NON_LITERAL_NULL_CONVERSION = YES;
				CLANG_WARN_OBJC_IMPLICIT_RETAIN_SELF = YES;
				CLANG_WARN_OBJC_LITERAL_CONVERSION = YES;
				CLANG_WARN_OBJC_ROOT_CLASS = YES_ERROR;
				CLANG_WARN_QUOTED_INCLUDE_IN_FRAMEWORK_HEADER = YES;
				CLANG_WARN_RANGE_LOOP_ANALYSIS = YES;
				CLANG_WARN_STRICT_PROTOTYPES = YES;
				CLANG_WARN_SUSPICIOUS_MOVE = YES;
				CLANG_WARN_UNGUARDED_AVAILABILITY = YES_AGGRESSIVE;
				CLANG_WARN_UNREACHABLE_CODE = YES;
				CLANG_WARN__DUPLICATE_METHOD_MATCH = YES;
				COPY_PHASE_STRIP = NO;
				DEBUG_INFORMATION_FORMAT = "dwarf-with-dsym";
				ENABLE_NS_ASSERTIONS = NO;
				ENABLE_STRICT_OBJC_MSGSEND = YES;
				GCC_C_LANGUAGE_STANDARD = gnu11;
				GCC_NO_COMMON_BLOCKS = YES;
				GCC_WARN_64_TO_32_BIT_CONVERSION = YES;
				GCC_WARN_ABOUT_RETURN_TYPE = YES_ERROR;
				GCC_WARN_UNDECLARED_SELECTOR = YES;
				GCC_WARN_UNINITIALIZED_AUTOS = YES_AGGRESSIVE;
				GCC_WARN_UNUSED_FUNCTION = YES;
				GCC_WARN_UNUSED_VARIABLE = YES;
				IPHONEOS_DEPLOYMENT_TARGET = 16.4;
				MTL_ENABLE_DEBUG_INFO = NO;
				MTL_FAST_MATH = YES;
				SDKROOT = iphoneos;
				SWIFT_COMPILATION_MODE = wholemodule;
				SWIFT_OPTIMIZATION_LEVEL = "-O";
				VALIDATE_PRODUCT = YES;
			};
			name = Release;
		};
		68398D7B2A60C3E500C108A4 /* Debug */ = {
			isa = XCBuildConfiguration;
			buildSettings = {
				ASSETCATALOG_COMPILER_APPICON_NAME = AppIcon;
				ASSETCATALOG_COMPILER_GLOBAL_ACCENT_COLOR_NAME = AccentColor;
				CODE_SIGN_STYLE = Automatic;
				CURRENT_PROJECT_VERSION = 1;
				GENERATE_INFOPLIST_FILE = YES;
				INFOPLIST_FILE = FinancialApp/Info.plist;
				INFOPLIST_KEY_UIApplicationSupportsIndirectInputEvents = YES;
				INFOPLIST_KEY_UILaunchStoryboardName = LaunchScreen;
				INFOPLIST_KEY_UISupportedInterfaceOrientations_iPad = "UIInterfaceOrientationPortrait UIInterfaceOrientationPortraitUpsideDown UIInterfaceOrientationLandscapeLeft UIInterfaceOrientationLandscapeRight";
				INFOPLIST_KEY_UISupportedInterfaceOrientations_iPhone = "UIInterfaceOrientationPortrait UIInterfaceOrientationLandscapeLeft UIInterfaceOrientationLandscapeRight";
				LD_RUNPATH_SEARCH_PATHS = (
					"$(inherited)",
					"@executable_path/Frameworks",
				);
				MARKETING_VERSION = 1.0;
				PRODUCT_BUNDLE_IDENTIFIER = com.rafaelopires.FinancialApp;
				PRODUCT_NAME = "$(TARGET_NAME)";
				SWIFT_EMIT_LOC_STRINGS = YES;
				SWIFT_VERSION = 5.0;
				TARGETED_DEVICE_FAMILY = "1,2";
			};
			name = Debug;
		};
		68398D7C2A60C3E500C108A4 /* Release */ = {
			isa = XCBuildConfiguration;
			buildSettings = {
				ASSETCATALOG_COMPILER_APPICON_NAME = AppIcon;
				ASSETCATALOG_COMPILER_GLOBAL_ACCENT_COLOR_NAME = AccentColor;
				CODE_SIGN_STYLE = Automatic;
				CURRENT_PROJECT_VERSION = 1;
				GENERATE_INFOPLIST_FILE = YES;
				INFOPLIST_FILE = FinancialApp/Info.plist;
				INFOPLIST_KEY_UIApplicationSupportsIndirectInputEvents = YES;
				INFOPLIST_KEY_UILaunchStoryboardName = LaunchScreen;
				INFOPLIST_KEY_UISupportedInterfaceOrientations_iPad = "UIInterfaceOrientationPortrait UIInterfaceOrientationPortraitUpsideDown UIInterfaceOrientationLandscapeLeft UIInterfaceOrientationLandscapeRight";
				INFOPLIST_KEY_UISupportedInterfaceOrientations_iPhone = "UIInterfaceOrientationPortrait UIInterfaceOrientationLandscapeLeft UIInterfaceOrientationLandscapeRight";
				LD_RUNPATH_SEARCH_PATHS = (
					"$(inherited)",
					"@executable_path/Frameworks",
				);
				MARKETING_VERSION = 1.0;
				PRODUCT_BUNDLE_IDENTIFIER = com.rafaelopires.FinancialApp;
				PRODUCT_NAME = "$(TARGET_NAME)";
				SWIFT_EMIT_LOC_STRINGS = YES;
				SWIFT_VERSION = 5.0;
				TARGETED_DEVICE_FAMILY = "1,2";
			};
			name = Release;
		};
/* End XCBuildConfiguration section */

/* Begin XCConfigurationList section */
		68398D612A60C3E400C108A4 /* Build configuration list for PBXProject "FinancialApp" */ = {
			isa = XCConfigurationList;
			buildConfigurations = (
				68398D782A60C3E500C108A4 /* Debug */,
				68398D792A60C3E500C108A4 /* Release */,
			);
			defaultConfigurationIsVisible = 0;
			defaultConfigurationName = Release;
		};
		68398D7A2A60C3E500C108A4 /* Build configuration list for PBXNativeTarget "FinancialApp" */ = {
			isa = XCConfigurationList;
			buildConfigurations = (
				68398D7B2A60C3E500C108A4 /* Debug */,
				68398D7C2A60C3E500C108A4 /* Release */,
			);
			defaultConfigurationIsVisible = 0;
			defaultConfigurationName = Release;
		};
/* End XCConfigurationList section */
	};
	rootObject = 68398D5E2A60C3E400C108A4 /* Project object */;
}
